
Microsoft Visual Studio Solution File, Format Version 12.00
# Visual Studio Version 17
VisualStudioVersion = 17.4.33213.308
MinimumVisualStudioVersion = 10.0.40219.1
Project("{FAE04EC0-301F-11D3-BF4B-00C04F79EFBC}") = "Amirs.NET-API", "Amirs.NET-API\Amirs.NET-API.csproj", "{1C6C37DD-F30E-418E-9752-9D8551B78F44}"
EndProject
Global
	GlobalSection(SolutionConfigurationPlatforms) = preSolution
		Debug|Any CPU = Debug|Any CPU
		Release|Any CPU = Release|Any CPU
	EndGlobalSection
	GlobalSection(ProjectConfigurationPlatforms) = postSolution
		{1C6C37DD-F30E-418E-9752-9D8551B78F44}.Debug|Any CPU.ActiveCfg = Debug|Any CPU
		{1C6C37DD-F30E-418E-9752-9D8551B78F44}.Debug|Any CPU.Build.0 = Debug|Any CPU
		{1C6C37DD-F30E-418E-9752-9D8551B78F44}.Release|Any CPU.ActiveCfg = Release|Any CPU
		{1C6C37DD-F30E-418E-9752-9D8551B78F44}.Release|Any CPU.Build.0 = Release|Any CPU
	EndGlobalSection
	GlobalSection(SolutionProperties) = preSolution
		HideSolutionNode = FALSE
	EndGlobalSection
	GlobalSection(ExtensibilityGlobals) = postSolution
		SolutionGuid = {F55A323B-3D26-4829-AE30-3D1D69219C02}
	EndGlobalSection
EndGlobal
